
Microsoft Visual Studio Solution File, Format Version 12.00
# Visual Studio 14
VisualStudioVersion = 14.0.24720.0
MinimumVisualStudioVersion = 10.0.40219.1
Project("{8BC9CEB8-8B4A-11D0-8D11-00A0C91BC942}") = "PINE", "PINE\PINE.vcxproj", "{B6BAE3EB-05CE-4BCF-8C34-5600415F2C62}"
EndProject
Global
	GlobalSection(SolutionConfigurationPlatforms) = preSolution
		Aplite|Win32 = Aplite|Win32
	EndGlobalSection
	GlobalSection(ProjectConfigurationPlatforms) = postSolution
		{B6BAE3EB-05CE-4BCF-8C34-5600415F2C62}.Aplite|Win32.ActiveCfg = Aplite|Win32
		{B6BAE3EB-05CE-4BCF-8C34-5600415F2C62}.Aplite|Win32.Build.0 = Aplite|Win32
	EndGlobalSection
	GlobalSection(SolutionProperties) = preSolution
		HideSolutionNode = FALSE
	EndGlobalSection
EndGlobal
